
Microsoft Visual Studio Solution File, Format Version 12.00
# Visual Studio Version 17
VisualStudioVersion = 17.0.31903.59
MinimumVisualStudioVersion = 10.0.40219.1
Project("{2150E333-8FDC-42A3-9474-1A3956D46DE8}") = "Solution Items", "Solution Items", "{1FD276FB-0D3B-4A68-8FF9-7C2467518DAC}"
	ProjectSection(SolutionItems) = preProject
		.github\workflows\build-and-test.yml = .github\workflows\build-and-test.yml
		.github\workflows\pack-and-publish.yml = .github\workflows\pack-and-publish.yml
	EndProjectSection
EndProject
Project("{2150E333-8FDC-42A3-9474-1A3956D46DE8}") = "src", "src", "{B401DCD1-907B-4272-BA9E-CDCEE1D38298}"
EndProject
Project("{2150E333-8FDC-42A3-9474-1A3956D46DE8}") = "tst", "tst", "{787C06A6-D9E8-4A70-A555-E5FCC0E4045E}"
EndProject
Project("{9A19103F-16F7-4668-BE54-9A1E7A4F7556}") = "MCB.Core.Infra.CrossCutting.RabbitMq", "src\MCB.Core.Infra.CrossCutting.RabbitMq\MCB.Core.Infra.CrossCutting.RabbitMq.csproj", "{085C14C2-02B5-4526-A4E3-1996E04C95D1}"
EndProject
Project("{9A19103F-16F7-4668-BE54-9A1E7A4F7556}") = "MCB.Core.Infra.CrossCutting.RabbitMq.Tests", "tst\MCB.Core.Infra.CrossCutting.RabbitMq.Tests\MCB.Core.Infra.CrossCutting.RabbitMq.Tests.csproj", "{262B24A5-24E8-4700-BACF-B3BDBEEF3DB0}"
EndProject
Project("{FAE04EC0-301F-11D3-BF4B-00C04F79EFBC}") = "MCB.Core.Infra.CrossCutting.RabbitMq.IntegrationTests", "tst\MCB.Core.Infra.CrossCutting.RabbitMq.IntegrationTests\MCB.Core.Infra.CrossCutting.RabbitMq.IntegrationTests.csproj", "{2417CF94-CC47-4D82-8531-BB0E51B9EA9E}"
EndProject
Global
	GlobalSection(SolutionConfigurationPlatforms) = preSolution
		Debug|Any CPU = Debug|Any CPU
		Release|Any CPU = Release|Any CPU
	EndGlobalSection
	GlobalSection(ProjectConfigurationPlatforms) = postSolution
		{085C14C2-02B5-4526-A4E3-1996E04C95D1}.Debug|Any CPU.ActiveCfg = Debug|Any CPU
		{085C14C2-02B5-4526-A4E3-1996E04C95D1}.Debug|Any CPU.Build.0 = Debug|Any CPU
		{085C14C2-02B5-4526-A4E3-1996E04C95D1}.Release|Any CPU.ActiveCfg = Release|Any CPU
		{085C14C2-02B5-4526-A4E3-1996E04C95D1}.Release|Any CPU.Build.0 = Release|Any CPU
		{262B24A5-24E8-4700-BACF-B3BDBEEF3DB0}.Debug|Any CPU.ActiveCfg = Debug|Any CPU
		{262B24A5-24E8-4700-BACF-B3BDBEEF3DB0}.Debug|Any CPU.Build.0 = Debug|Any CPU
		{262B24A5-24E8-4700-BACF-B3BDBEEF3DB0}.Release|Any CPU.ActiveCfg = Release|Any CPU
		{262B24A5-24E8-4700-BACF-B3BDBEEF3DB0}.Release|Any CPU.Build.0 = Release|Any CPU
		{2417CF94-CC47-4D82-8531-BB0E51B9EA9E}.Debug|Any CPU.ActiveCfg = Debug|Any CPU
		{2417CF94-CC47-4D82-8531-BB0E51B9EA9E}.Debug|Any CPU.Build.0 = Debug|Any CPU
		{2417CF94-CC47-4D82-8531-BB0E51B9EA9E}.Release|Any CPU.ActiveCfg = Release|Any CPU
		{2417CF94-CC47-4D82-8531-BB0E51B9EA9E}.Release|Any CPU.Build.0 = Release|Any CPU
	EndGlobalSection
	GlobalSection(SolutionProperties) = preSolution
		HideSolutionNode = FALSE
	EndGlobalSection
	GlobalSection(NestedProjects) = preSolution
		{085C14C2-02B5-4526-A4E3-1996E04C95D1} = {B401DCD1-907B-4272-BA9E-CDCEE1D38298}
		{262B24A5-24E8-4700-BACF-B3BDBEEF3DB0} = {787C06A6-D9E8-4A70-A555-E5FCC0E4045E}
		{2417CF94-CC47-4D82-8531-BB0E51B9EA9E} = {787C06A6-D9E8-4A70-A555-E5FCC0E4045E}
	EndGlobalSection
	GlobalSection(ExtensibilityGlobals) = postSolution
		SolutionGuid = {0E67C20A-7904-4C32-BF0F-00C6A2575CDB}
	EndGlobalSection
EndGlobal
